
Microsoft Visual Studio Solution File, Format Version 12.00
# Visual Studio Version 17
VisualStudioVersion = 17.3.32929.385
MinimumVisualStudioVersion = 10.0.40219.1
Project("{8BC9CEB8-8B4A-11D0-8D11-00A0C91BC942}") = "A-1_NURMAL", "A-1_NURMAL\A-1_NURMAL.vcxproj", "{ECF20F3E-35F2-4F99-A657-2D776923612A}"
EndProject
Global
	GlobalSection(SolutionConfigurationPlatforms) = preSolution
		Debug|x64 = Debug|x64
		Debug|x86 = Debug|x86
		Release|x64 = Release|x64
		Release|x86 = Release|x86
	EndGlobalSection
	GlobalSection(ProjectConfigurationPlatforms) = postSolution
		{ECF20F3E-35F2-4F99-A657-2D776923612A}.Debug|x64.ActiveCfg = Debug|x64
		{ECF20F3E-35F2-4F99-A657-2D776923612A}.Debug|x64.Build.0 = Debug|x64
		{ECF20F3E-35F2-4F99-A657-2D776923612A}.Debug|x86.ActiveCfg = Debug|Win32
		{ECF20F3E-35F2-4F99-A657-2D776923612A}.Debug|x86.Build.0 = Debug|Win32
		{ECF20F3E-35F2-4F99-A657-2D776923612A}.Release|x64.ActiveCfg = Release|x64
		{ECF20F3E-35F2-4F99-A657-2D776923612A}.Release|x64.Build.0 = Release|x64
		{ECF20F3E-35F2-4F99-A657-2D776923612A}.Release|x86.ActiveCfg = Release|Win32
		{ECF20F3E-35F2-4F99-A657-2D776923612A}.Release|x86.Build.0 = Release|Win32
	EndGlobalSection
	GlobalSection(SolutionProperties) = preSolution
		HideSolutionNode = FALSE
	EndGlobalSection
	GlobalSection(ExtensibilityGlobals) = postSolution
		SolutionGuid = {AEF01CCA-ED33-416A-BB17-4D7886A1302D}
	EndGlobalSection
EndGlobal
